
Microsoft Visual Studio Solution File, Format Version 12.00
# Visual Studio 2013
VisualStudioVersion = 12.0.21005.1
MinimumVisualStudioVersion = 10.0.40219.1
Project("{8BC9CEB8-8B4A-11D0-8D11-00A0C91BC942}") = "NOI_1.3_04", "NOI_1.3_04\NOI_1.3_04.vcxproj", "{903A8813-FFBE-4EA4-B992-86CE51783E44}"
EndProject
Global
	GlobalSection(SolutionConfigurationPlatforms) = preSolution
		Debug|Win32 = Debug|Win32
		Release|Win32 = Release|Win32
	EndGlobalSection
	GlobalSection(ProjectConfigurationPlatforms) = postSolution
		{903A8813-FFBE-4EA4-B992-86CE51783E44}.Debug|Win32.ActiveCfg = Debug|Win32
		{903A8813-FFBE-4EA4-B992-86CE51783E44}.Debug|Win32.Build.0 = Debug|Win32
		{903A8813-FFBE-4EA4-B992-86CE51783E44}.Release|Win32.ActiveCfg = Release|Win32
		{903A8813-FFBE-4EA4-B992-86CE51783E44}.Release|Win32.Build.0 = Release|Win32
	EndGlobalSection
	GlobalSection(SolutionProperties) = preSolution
		HideSolutionNode = FALSE
	EndGlobalSection
EndGlobal
