
Microsoft Visual Studio Solution File, Format Version 12.00
# Visual Studio 2013
VisualStudioVersion = 12.0.21005.1
MinimumVisualStudioVersion = 10.0.40219.1
Project("{8BC9CEB8-8B4A-11D0-8D11-00A0C91BC942}") = "NOI_1.6_15_debug", "NOI_1.6_15_debug\NOI_1.6_15_debug.vcxproj", "{D115E004-01BD-4995-9729-A8ED4481D2A4}"
EndProject
Global
	GlobalSection(SolutionConfigurationPlatforms) = preSolution
		Debug|Win32 = Debug|Win32
		Release|Win32 = Release|Win32
	EndGlobalSection
	GlobalSection(ProjectConfigurationPlatforms) = postSolution
		{D115E004-01BD-4995-9729-A8ED4481D2A4}.Debug|Win32.ActiveCfg = Debug|Win32
		{D115E004-01BD-4995-9729-A8ED4481D2A4}.Debug|Win32.Build.0 = Debug|Win32
		{D115E004-01BD-4995-9729-A8ED4481D2A4}.Release|Win32.ActiveCfg = Release|Win32
		{D115E004-01BD-4995-9729-A8ED4481D2A4}.Release|Win32.Build.0 = Release|Win32
	EndGlobalSection
	GlobalSection(SolutionProperties) = preSolution
		HideSolutionNode = FALSE
	EndGlobalSection
EndGlobal
