
Microsoft Visual Studio Solution File, Format Version 12.00
# Visual Studio 2013
VisualStudioVersion = 12.0.21005.1
MinimumVisualStudioVersion = 10.0.40219.1
Project("{8BC9CEB8-8B4A-11D0-8D11-00A0C91BC942}") = "NOI_1.3_09-20", "NOI_1.3_09-20\NOI_1.3_09-20.vcxproj", "{4A634B81-EA7B-44DA-A8C0-5219CA2B0C57}"
EndProject
Global
	GlobalSection(SolutionConfigurationPlatforms) = preSolution
		Debug|Win32 = Debug|Win32
		Release|Win32 = Release|Win32
	EndGlobalSection
	GlobalSection(ProjectConfigurationPlatforms) = postSolution
		{4A634B81-EA7B-44DA-A8C0-5219CA2B0C57}.Debug|Win32.ActiveCfg = Debug|Win32
		{4A634B81-EA7B-44DA-A8C0-5219CA2B0C57}.Debug|Win32.Build.0 = Debug|Win32
		{4A634B81-EA7B-44DA-A8C0-5219CA2B0C57}.Release|Win32.ActiveCfg = Release|Win32
		{4A634B81-EA7B-44DA-A8C0-5219CA2B0C57}.Release|Win32.Build.0 = Release|Win32
	EndGlobalSection
	GlobalSection(SolutionProperties) = preSolution
		HideSolutionNode = FALSE
	EndGlobalSection
EndGlobal
